{
  "requires": true,
  "lockfileVersion": 1,
  "dependencies": {
    "ar": {
      "version": "0.0.1",
      "resolved": "https://registry.npmjs.org/ar/-/ar-0.0.1.tgz",
      "integrity": "sha1-uoBxb+WkUBQMb9uPaoKymtlGFhw="
    },
    "gl-preserve-state": {
      "version": "1.0.0",
      "resolved": "https://registry.npmjs.org/gl-preserve-state/-/gl-preserve-state-1.0.0.tgz",
      "integrity": "sha512-zQZ25l3haD4hvgJZ6C9+s0ebdkW9y+7U2qxvGu1uWOJh8a4RU+jURIKEQhf8elIlFpMH6CrAY2tH0mYrRjet3Q=="
    },
    "three": {
      "version": "0.111.0",
      "resolved": "https://registry.npmjs.org/three/-/three-0.111.0.tgz",
      "integrity": "sha512-AcTqyGJ3H75AIusOuADy0LsP958QKQwm/YhABHFMzd6RFXPNVay1rlSbbG6WYv7KM72G2THMMwqbjQd4dVHMkQ=="
    },
    "three.ar.js": {
      "version": "0.1.8",
      "resolved": "https://registry.npmjs.org/three.ar.js/-/three.ar.js-0.1.8.tgz",
      "integrity": "sha512-NcFz7NKF5ikK/1anuvIBoj40m+xf5gENOlnvUv0ieA6HwQ1PWX9iXIsRqzcT/uwyuqSw488eYpeEtis3dC7Dpw==",
      "requires": {
        "gl-preserve-state": "^1.0.0"
      }
    }
  }
}
